Microsoft Visual Studio Solution File, Format Version 12.00
# Visual Studio 15
VisualStudioVersion = 15.0.26206.0
MinimumVisualStudioVersion = 10.0.40219.1
Project("{2150E333-8FDC-42A3-9474-1A3956D46DE8}") = "Dependencies", "Dependencies", "{5A48EA27-64B5-421E-A34E-41490A37FE5F}"
EndProject
Project("{2150E333-8FDC-42A3-9474-1A3956D46DE8}") = "Solution Items", "Solution Items", "{11AB1B79-9DE3-4CB8-ABE7-3EF63169F626}"
	ProjectSection(SolutionItems) = preProject
		Performance1.psess = Performance1.psess
	EndProjectSection
EndProject
Project("{9A19103F-16F7-4668-BE54-9A1E7A4F7556}") = "REstate.Scheduler", "src\REstate.Scheduler\REstate.Scheduler.csproj", "{78192DC9-69EF-471F-A386-204D7F99918A}"
EndProject
Project("{9A19103F-16F7-4668-BE54-9A1E7A4F7556}") = "REstate.Engine.Repositories.MSSQL", "src\REstate.Engine.Repositories.MSSQL\REstate.Engine.Repositories.MSSQL.csproj", "{2247DCF9-3F92-4B0E-927D-A6102291D863}"
EndProject
Project("{9A19103F-16F7-4668-BE54-9A1E7A4F7556}") = "Susanoo.ConnectionPooling", "src\Susanoo.ConnectionPooling\Susanoo.ConnectionPooling.csproj", "{4D8D48BE-5DE3-4EDB-919F-19848F6A38E0}"
EndProject
Project("{9A19103F-16F7-4668-BE54-9A1E7A4F7556}") = "REstate.Scheduler.Repositories.MSSQL", "src\REstate.Scheduler.Repositories.MSSQL\REstate.Scheduler.Repositories.MSSQL.csproj", "{112ED614-590B-4A9F-856A-B03717621309}"
EndProject
Project("{9A19103F-16F7-4668-BE54-9A1E7A4F7556}") = "REstateClient", "src\REstateClient\REstateClient.csproj", "{093A9D09-05BF-4899-8547-00B4C196C7EA}"
EndProject
Project("{9A19103F-16F7-4668-BE54-9A1E7A4F7556}") = "REstate.Common", "src\REstate.Common\REstate.Common.csproj", "{C58DC189-E8B2-4D92-96F3-6017B36299E5}"
EndProject
Project("{9A19103F-16F7-4668-BE54-9A1E7A4F7556}") = "REstate.Scheduler.Consumer.Http", "src\REstate.Scheduler.Consumer.Http\REstate.Scheduler.Consumer.Http.csproj", "{4D0002BF-695E-447E-893F-A9ECF98FB9E2}"
EndProject
Project("{9A19103F-16F7-4668-BE54-9A1E7A4F7556}") = "REstate.Scheduler.Consumer.Direct", "src\REstate.Scheduler.Consumer.Direct\REstate.Scheduler.Consumer.Direct.csproj", "{6FDA4BF1-AF3D-4AAB-A8A2-CD774EA67A72}"
EndProject
Project("{9A19103F-16F7-4668-BE54-9A1E7A4F7556}") = "JwtAndCookie", "src\JwtAndCookie\JwtAndCookie.csproj", "{EF2044D3-068E-41C1-9030-D0E3DD8AF9FE}"
EndProject
Project("{9A19103F-16F7-4668-BE54-9A1E7A4F7556}") = "REstate.Web", "src\REstate.Web\REstate.Web.csproj", "{569D4F2D-2F96-49E8-98D8-0579DAD56CBE}"
EndProject
Project("{9A19103F-16F7-4668-BE54-9A1E7A4F7556}") = "REstate.Engine", "src\REstate.Engine\REstate.Engine.csproj", "{CAAA4006-F6EE-44D6-98AE-D7FDED705B46}"
EndProject
Project("{9A19103F-16F7-4668-BE54-9A1E7A4F7556}") = "REstate.Auth.Repositories.MSSQL", "src\REstate.Auth.Repositories.MSSQL\REstate.Auth.Repositories.MSSQL.csproj", "{7E63B891-05C5-4866-9982-B255F5AE95B8}"
EndProject
Project("{9A19103F-16F7-4668-BE54-9A1E7A4F7556}") = "REstate.Auth", "src\REstate.Auth\REstate.Auth.csproj", "{5941DE71-9D94-4CF6-B049-F345B94E9A7A}"
EndProject
Project("{9A19103F-16F7-4668-BE54-9A1E7A4F7556}") = "REstateScratchPad", "src\REstateScratchPad\REstateScratchPad.csproj", "{E87875D2-B9BF-49BA-B433-3C681FC7B928}"
EndProject
Project("{9A19103F-16F7-4668-BE54-9A1E7A4F7556}") = "REstate.Connectors.RabbitMQ", "src\REstate.Connectors.RabbitMQ\REstate.Connectors.RabbitMQ.csproj", "{E43A1B20-C7EC-451D-8F2D-8A42023C0FB0}"
EndProject
Project("{9A19103F-16F7-4668-BE54-9A1E7A4F7556}") = "REstate.Engine.Repositories.InMemory", "src\REstate.Engine.Repositories.InMemory\REstate.Engine.Repositories.InMemory.csproj", "{3EA42477-E490-4C97-A7C9-E73FA2B08FCE}"
EndProject
Project("{13B669BE-BB05-4DDF-9536-439F39A36129}") = "REstate.Connectors.Scheduler.Direct", "src\REstate.Connectors.Scheduler.Direct\REstate.Connectors.Scheduler.Direct.csproj", "{A8B94D55-9301-45E6-B213-6C1A87F1BF1F}"
EndProject
Project("{13B669BE-BB05-4DDF-9536-439F39A36129}") = "REstate.Connectors.Scheduler.Http", "src\REstate.Connectors.Scheduler.Http\REstate.Connectors.Scheduler.Http.csproj", "{D51C427C-E2AC-496B-8180-8DDA196F8D12}"
EndProject
Global
	GlobalSection(SolutionConfigurationPlatforms) = preSolution
		Debug|Any CPU = Debug|Any CPU
		Debug|x64 = Debug|x64
		Debug|x86 = Debug|x86
		Release|Any CPU = Release|Any CPU
		Release|x64 = Release|x64
		Release|x86 = Release|x86
	EndGlobalSection
	GlobalSection(ProjectConfigurationPlatforms) = postSolution
		{78192DC9-69EF-471F-A386-204D7F99918A}.Debug|Any CPU.ActiveCfg = Debug|Any CPU
		{78192DC9-69EF-471F-A386-204D7F99918A}.Debug|Any CPU.Build.0 = Debug|Any CPU
		{78192DC9-69EF-471F-A386-204D7F99918A}.Debug|x64.ActiveCfg = Debug|x64
		{78192DC9-69EF-471F-A386-204D7F99918A}.Debug|x64.Build.0 = Debug|x64
		{78192DC9-69EF-471F-A386-204D7F99918A}.Debug|x86.ActiveCfg = Debug|x86
		{78192DC9-69EF-471F-A386-204D7F99918A}.Debug|x86.Build.0 = Debug|x86
		{78192DC9-69EF-471F-A386-204D7F99918A}.Release|Any CPU.ActiveCfg = Release|Any CPU
		{78192DC9-69EF-471F-A386-204D7F99918A}.Release|Any CPU.Build.0 = Release|Any CPU
		{78192DC9-69EF-471F-A386-204D7F99918A}.Release|x64.ActiveCfg = Release|x64
		{78192DC9-69EF-471F-A386-204D7F99918A}.Release|x64.Build.0 = Release|x64
		{78192DC9-69EF-471F-A386-204D7F99918A}.Release|x86.ActiveCfg = Release|x86
		{78192DC9-69EF-471F-A386-204D7F99918A}.Release|x86.Build.0 = Release|x86
		{2247DCF9-3F92-4B0E-927D-A6102291D863}.Debug|Any CPU.ActiveCfg = Debug|Any CPU
		{2247DCF9-3F92-4B0E-927D-A6102291D863}.Debug|Any CPU.Build.0 = Debug|Any CPU
		{2247DCF9-3F92-4B0E-927D-A6102291D863}.Debug|x64.ActiveCfg = Debug|x64
		{2247DCF9-3F92-4B0E-927D-A6102291D863}.Debug|x64.Build.0 = Debug|x64
		{2247DCF9-3F92-4B0E-927D-A6102291D863}.Debug|x86.ActiveCfg = Debug|x86
		{2247DCF9-3F92-4B0E-927D-A6102291D863}.Debug|x86.Build.0 = Debug|x86
		{2247DCF9-3F92-4B0E-927D-A6102291D863}.Release|Any CPU.ActiveCfg = Release|Any CPU
		{2247DCF9-3F92-4B0E-927D-A6102291D863}.Release|Any CPU.Build.0 = Release|Any CPU
		{2247DCF9-3F92-4B0E-927D-A6102291D863}.Release|x64.ActiveCfg = Release|x64
		{2247DCF9-3F92-4B0E-927D-A6102291D863}.Release|x64.Build.0 = Release|x64
		{2247DCF9-3F92-4B0E-927D-A6102291D863}.Release|x86.ActiveCfg = Release|x86
		{2247DCF9-3F92-4B0E-927D-A6102291D863}.Release|x86.Build.0 = Release|x86
		{4D8D48BE-5DE3-4EDB-919F-19848F6A38E0}.Debug|Any CPU.ActiveCfg = Debug|Any CPU
		{4D8D48BE-5DE3-4EDB-919F-19848F6A38E0}.Debug|Any CPU.Build.0 = Debug|Any CPU
		{4D8D48BE-5DE3-4EDB-919F-19848F6A38E0}.Debug|x64.ActiveCfg = Debug|x64
		{4D8D48BE-5DE3-4EDB-919F-19848F6A38E0}.Debug|x64.Build.0 = Debug|x64
		{4D8D48BE-5DE3-4EDB-919F-19848F6A38E0}.Debug|x86.ActiveCfg = Debug|x86
		{4D8D48BE-5DE3-4EDB-919F-19848F6A38E0}.Debug|x86.Build.0 = Debug|x86
		{4D8D48BE-5DE3-4EDB-919F-19848F6A38E0}.Release|Any CPU.ActiveCfg = Release|Any CPU
		{4D8D48BE-5DE3-4EDB-919F-19848F6A38E0}.Release|Any CPU.Build.0 = Release|Any CPU
		{4D8D48BE-5DE3-4EDB-919F-19848F6A38E0}.Release|x64.ActiveCfg = Release|x64
		{4D8D48BE-5DE3-4EDB-919F-19848F6A38E0}.Release|x64.Build.0 = Release|x64
		{4D8D48BE-5DE3-4EDB-919F-19848F6A38E0}.Release|x86.ActiveCfg = Release|x86
		{4D8D48BE-5DE3-4EDB-919F-19848F6A38E0}.Release|x86.Build.0 = Release|x86
		{112ED614-590B-4A9F-856A-B03717621309}.Debug|Any CPU.ActiveCfg = Debug|Any CPU
		{112ED614-590B-4A9F-856A-B03717621309}.Debug|Any CPU.Build.0 = Debug|Any CPU
		{112ED614-590B-4A9F-856A-B03717621309}.Debug|x64.ActiveCfg = Debug|x64
		{112ED614-590B-4A9F-856A-B03717621309}.Debug|x64.Build.0 = Debug|x64
		{112ED614-590B-4A9F-856A-B03717621309}.Debug|x86.ActiveCfg = Debug|x86
		{112ED614-590B-4A9F-856A-B03717621309}.Debug|x86.Build.0 = Debug|x86
		{112ED614-590B-4A9F-856A-B03717621309}.Release|Any CPU.ActiveCfg = Release|Any CPU
		{112ED614-590B-4A9F-856A-B03717621309}.Release|Any CPU.Build.0 = Release|Any CPU
		{112ED614-590B-4A9F-856A-B03717621309}.Release|x64.ActiveCfg = Release|x64
		{112ED614-590B-4A9F-856A-B03717621309}.Release|x64.Build.0 = Release|x64
		{112ED614-590B-4A9F-856A-B03717621309}.Release|x86.ActiveCfg = Release|x86
		{112ED614-590B-4A9F-856A-B03717621309}.Release|x86.Build.0 = Release|x86
		{093A9D09-05BF-4899-8547-00B4C196C7EA}.Debug|Any CPU.ActiveCfg = Debug|Any CPU
		{093A9D09-05BF-4899-8547-00B4C196C7EA}.Debug|Any CPU.Build.0 = Debug|Any CPU
		{093A9D09-05BF-4899-8547-00B4C196C7EA}.Debug|x64.ActiveCfg = Debug|x64
		{093A9D09-05BF-4899-8547-00B4C196C7EA}.Debug|x64.Build.0 = Debug|x64
		{093A9D09-05BF-4899-8547-00B4C196C7EA}.Debug|x86.ActiveCfg = Debug|x86
		{093A9D09-05BF-4899-8547-00B4C196C7EA}.Debug|x86.Build.0 = Debug|x86
		{093A9D09-05BF-4899-8547-00B4C196C7EA}.Release|Any CPU.ActiveCfg = Release|Any CPU
		{093A9D09-05BF-4899-8547-00B4C196C7EA}.Release|Any CPU.Build.0 = Release|Any CPU
		{093A9D09-05BF-4899-8547-00B4C196C7EA}.Release|x64.ActiveCfg = Release|x64
		{093A9D09-05BF-4899-8547-00B4C196C7EA}.Release|x64.Build.0 = Release|x64
		{093A9D09-05BF-4899-8547-00B4C196C7EA}.Release|x86.ActiveCfg = Release|x86
		{093A9D09-05BF-4899-8547-00B4C196C7EA}.Release|x86.Build.0 = Release|x86
		{C58DC189-E8B2-4D92-96F3-6017B36299E5}.Debug|Any CPU.ActiveCfg = Debug|Any CPU
		{C58DC189-E8B2-4D92-96F3-6017B36299E5}.Debug|Any CPU.Build.0 = Debug|Any CPU
		{C58DC189-E8B2-4D92-96F3-6017B36299E5}.Debug|x64.ActiveCfg = Debug|x64
		{C58DC189-E8B2-4D92-96F3-6017B36299E5}.Debug|x64.Build.0 = Debug|x64
		{C58DC189-E8B2-4D92-96F3-6017B36299E5}.Debug|x86.ActiveCfg = Debug|x86
		{C58DC189-E8B2-4D92-96F3-6017B36299E5}.Debug|x86.Build.0 = Debug|x86
		{C58DC189-E8B2-4D92-96F3-6017B36299E5}.Release|Any CPU.ActiveCfg = Release|Any CPU
		{C58DC189-E8B2-4D92-96F3-6017B36299E5}.Release|Any CPU.Build.0 = Release|Any CPU
		{C58DC189-E8B2-4D92-96F3-6017B36299E5}.Release|x64.ActiveCfg = Release|x64
		{C58DC189-E8B2-4D92-96F3-6017B36299E5}.Release|x64.Build.0 = Release|x64
		{C58DC189-E8B2-4D92-96F3-6017B36299E5}.Release|x86.ActiveCfg = Release|x86
		{C58DC189-E8B2-4D92-96F3-6017B36299E5}.Release|x86.Build.0 = Release|x86
		{4D0002BF-695E-447E-893F-A9ECF98FB9E2}.Debug|Any CPU.ActiveCfg = Debug|Any CPU
		{4D0002BF-695E-447E-893F-A9ECF98FB9E2}.Debug|Any CPU.Build.0 = Debug|Any CPU
		{4D0002BF-695E-447E-893F-A9ECF98FB9E2}.Debug|x64.ActiveCfg = Debug|x64
		{4D0002BF-695E-447E-893F-A9ECF98FB9E2}.Debug|x64.Build.0 = Debug|x64
		{4D0002BF-695E-447E-893F-A9ECF98FB9E2}.Debug|x86.ActiveCfg = Debug|x86
		{4D0002BF-695E-447E-893F-A9ECF98FB9E2}.Debug|x86.Build.0 = Debug|x86
		{4D0002BF-695E-447E-893F-A9ECF98FB9E2}.Release|Any CPU.ActiveCfg = Release|Any CPU
		{4D0002BF-695E-447E-893F-A9ECF98FB9E2}.Release|Any CPU.Build.0 = Release|Any CPU
		{4D0002BF-695E-447E-893F-A9ECF98FB9E2}.Release|x64.ActiveCfg = Release|x64
		{4D0002BF-695E-447E-893F-A9ECF98FB9E2}.Release|x64.Build.0 = Release|x64
		{4D0002BF-695E-447E-893F-A9ECF98FB9E2}.Release|x86.ActiveCfg = Release|x86
		{4D0002BF-695E-447E-893F-A9ECF98FB9E2}.Release|x86.Build.0 = Release|x86
		{6FDA4BF1-AF3D-4AAB-A8A2-CD774EA67A72}.Debug|Any CPU.ActiveCfg = Debug|Any CPU
		{6FDA4BF1-AF3D-4AAB-A8A2-CD774EA67A72}.Debug|Any CPU.Build.0 = Debug|Any CPU
		{6FDA4BF1-AF3D-4AAB-A8A2-CD774EA67A72}.Debug|x64.ActiveCfg = Debug|x64
		{6FDA4BF1-AF3D-4AAB-A8A2-CD774EA67A72}.Debug|x64.Build.0 = Debug|x64
		{6FDA4BF1-AF3D-4AAB-A8A2-CD774EA67A72}.Debug|x86.ActiveCfg = Debug|x86
		{6FDA4BF1-AF3D-4AAB-A8A2-CD774EA67A72}.Debug|x86.Build.0 = Debug|x86
		{6FDA4BF1-AF3D-4AAB-A8A2-CD774EA67A72}.Release|Any CPU.ActiveCfg = Release|Any CPU
		{6FDA4BF1-AF3D-4AAB-A8A2-CD774EA67A72}.Release|Any CPU.Build.0 = Release|Any CPU
		{6FDA4BF1-AF3D-4AAB-A8A2-CD774EA67A72}.Release|x64.ActiveCfg = Release|x64
		{6FDA4BF1-AF3D-4AAB-A8A2-CD774EA67A72}.Release|x64.Build.0 = Release|x64
		{6FDA4BF1-AF3D-4AAB-A8A2-CD774EA67A72}.Release|x86.ActiveCfg = Release|x86
		{6FDA4BF1-AF3D-4AAB-A8A2-CD774EA67A72}.Release|x86.Build.0 = Release|x86
		{EF2044D3-068E-41C1-9030-D0E3DD8AF9FE}.Debug|Any CPU.ActiveCfg = Debug|Any CPU
		{EF2044D3-068E-41C1-9030-D0E3DD8AF9FE}.Debug|Any CPU.Build.0 = Debug|Any CPU
		{EF2044D3-068E-41C1-9030-D0E3DD8AF9FE}.Debug|x64.ActiveCfg = Debug|x64
		{EF2044D3-068E-41C1-9030-D0E3DD8AF9FE}.Debug|x64.Build.0 = Debug|x64
		{EF2044D3-068E-41C1-9030-D0E3DD8AF9FE}.Debug|x86.ActiveCfg = Debug|x86
		{EF2044D3-068E-41C1-9030-D0E3DD8AF9FE}.Debug|x86.Build.0 = Debug|x86
		{EF2044D3-068E-41C1-9030-D0E3DD8AF9FE}.Release|Any CPU.ActiveCfg = Release|Any CPU
		{EF2044D3-068E-41C1-9030-D0E3DD8AF9FE}.Release|Any CPU.Build.0 = Release|Any CPU
		{EF2044D3-068E-41C1-9030-D0E3DD8AF9FE}.Release|x64.ActiveCfg = Release|x64
		{EF2044D3-068E-41C1-9030-D0E3DD8AF9FE}.Release|x64.Build.0 = Release|x64
		{EF2044D3-068E-41C1-9030-D0E3DD8AF9FE}.Release|x86.ActiveCfg = Release|x86
		{EF2044D3-068E-41C1-9030-D0E3DD8AF9FE}.Release|x86.Build.0 = Release|x86
		{569D4F2D-2F96-49E8-98D8-0579DAD56CBE}.Debug|Any CPU.ActiveCfg = Debug|Any CPU
		{569D4F2D-2F96-49E8-98D8-0579DAD56CBE}.Debug|Any CPU.Build.0 = Debug|Any CPU
		{569D4F2D-2F96-49E8-98D8-0579DAD56CBE}.Debug|x64.ActiveCfg = Debug|x64
		{569D4F2D-2F96-49E8-98D8-0579DAD56CBE}.Debug|x64.Build.0 = Debug|x64
		{569D4F2D-2F96-49E8-98D8-0579DAD56CBE}.Debug|x86.ActiveCfg = Debug|x86
		{569D4F2D-2F96-49E8-98D8-0579DAD56CBE}.Debug|x86.Build.0 = Debug|x86
		{569D4F2D-2F96-49E8-98D8-0579DAD56CBE}.Release|Any CPU.ActiveCfg = Release|Any CPU
		{569D4F2D-2F96-49E8-98D8-0579DAD56CBE}.Release|Any CPU.Build.0 = Release|Any CPU
		{569D4F2D-2F96-49E8-98D8-0579DAD56CBE}.Release|x64.ActiveCfg = Release|x64
		{569D4F2D-2F96-49E8-98D8-0579DAD56CBE}.Release|x64.Build.0 = Release|x64
		{569D4F2D-2F96-49E8-98D8-0579DAD56CBE}.Release|x86.ActiveCfg = Release|x86
		{569D4F2D-2F96-49E8-98D8-0579DAD56CBE}.Release|x86.Build.0 = Release|x86
		{CAAA4006-F6EE-44D6-98AE-D7FDED705B46}.Debug|Any CPU.ActiveCfg = Debug|Any CPU
		{CAAA4006-F6EE-44D6-98AE-D7FDED705B46}.Debug|Any CPU.Build.0 = Debug|Any CPU
		{CAAA4006-F6EE-44D6-98AE-D7FDED705B46}.Debug|x64.ActiveCfg = Debug|x64
		{CAAA4006-F6EE-44D6-98AE-D7FDED705B46}.Debug|x64.Build.0 = Debug|x64
		{CAAA4006-F6EE-44D6-98AE-D7FDED705B46}.Debug|x86.ActiveCfg = Debug|x86
		{CAAA4006-F6EE-44D6-98AE-D7FDED705B46}.Debug|x86.Build.0 = Debug|x86
		{CAAA4006-F6EE-44D6-98AE-D7FDED705B46}.Release|Any CPU.ActiveCfg = Release|Any CPU
		{CAAA4006-F6EE-44D6-98AE-D7FDED705B46}.Release|Any CPU.Build.0 = Release|Any CPU
		{CAAA4006-F6EE-44D6-98AE-D7FDED705B46}.Release|x64.ActiveCfg = Release|x64
		{CAAA4006-F6EE-44D6-98AE-D7FDED705B46}.Release|x64.Build.0 = Release|x64
		{CAAA4006-F6EE-44D6-98AE-D7FDED705B46}.Release|x86.ActiveCfg = Release|x86
		{CAAA4006-F6EE-44D6-98AE-D7FDED705B46}.Release|x86.Build.0 = Release|x86
		{7E63B891-05C5-4866-9982-B255F5AE95B8}.Debug|Any CPU.ActiveCfg = Debug|Any CPU
		{7E63B891-05C5-4866-9982-B255F5AE95B8}.Debug|Any CPU.Build.0 = Debug|Any CPU
		{7E63B891-05C5-4866-9982-B255F5AE95B8}.Debug|x64.ActiveCfg = Debug|x64
		{7E63B891-05C5-4866-9982-B255F5AE95B8}.Debug|x64.Build.0 = Debug|x64
		{7E63B891-05C5-4866-9982-B255F5AE95B8}.Debug|x86.ActiveCfg = Debug|x86
		{7E63B891-05C5-4866-9982-B255F5AE95B8}.Debug|x86.Build.0 = Debug|x86
		{7E63B891-05C5-4866-9982-B255F5AE95B8}.Release|Any CPU.ActiveCfg = Release|Any CPU
		{7E63B891-05C5-4866-9982-B255F5AE95B8}.Release|Any CPU.Build.0 = Release|Any CPU
		{7E63B891-05C5-4866-9982-B255F5AE95B8}.Release|x64.ActiveCfg = Release|x64
		{7E63B891-05C5-4866-9982-B255F5AE95B8}.Release|x64.Build.0 = Release|x64
		{7E63B891-05C5-4866-9982-B255F5AE95B8}.Release|x86.ActiveCfg = Release|x86
		{7E63B891-05C5-4866-9982-B255F5AE95B8}.Release|x86.Build.0 = Release|x86
		{5941DE71-9D94-4CF6-B049-F345B94E9A7A}.Debug|Any CPU.ActiveCfg = Debug|Any CPU
		{5941DE71-9D94-4CF6-B049-F345B94E9A7A}.Debug|Any CPU.Build.0 = Debug|Any CPU
		{5941DE71-9D94-4CF6-B049-F345B94E9A7A}.Debug|x64.ActiveCfg = Debug|x64
		{5941DE71-9D94-4CF6-B049-F345B94E9A7A}.Debug|x64.Build.0 = Debug|x64
		{5941DE71-9D94-4CF6-B049-F345B94E9A7A}.Debug|x86.ActiveCfg = Debug|x86
		{5941DE71-9D94-4CF6-B049-F345B94E9A7A}.Debug|x86.Build.0 = Debug|x86
		{5941DE71-9D94-4CF6-B049-F345B94E9A7A}.Release|Any CPU.ActiveCfg = Release|Any CPU
		{5941DE71-9D94-4CF6-B049-F345B94E9A7A}.Release|Any CPU.Build.0 = Release|Any CPU
		{5941DE71-9D94-4CF6-B049-F345B94E9A7A}.Release|x64.ActiveCfg = Release|x64
		{5941DE71-9D94-4CF6-B049-F345B94E9A7A}.Release|x64.Build.0 = Release|x64
		{5941DE71-9D94-4CF6-B049-F345B94E9A7A}.Release|x86.ActiveCfg = Release|x86
		{5941DE71-9D94-4CF6-B049-F345B94E9A7A}.Release|x86.Build.0 = Release|x86
		{E87875D2-B9BF-49BA-B433-3C681FC7B928}.Debug|Any CPU.ActiveCfg = Debug|Any CPU
		{E87875D2-B9BF-49BA-B433-3C681FC7B928}.Debug|Any CPU.Build.0 = Debug|Any CPU
		{E87875D2-B9BF-49BA-B433-3C681FC7B928}.Debug|x64.ActiveCfg = Debug|x64
		{E87875D2-B9BF-49BA-B433-3C681FC7B928}.Debug|x64.Build.0 = Debug|x64
		{E87875D2-B9BF-49BA-B433-3C681FC7B928}.Debug|x86.ActiveCfg = Debug|x86
		{E87875D2-B9BF-49BA-B433-3C681FC7B928}.Debug|x86.Build.0 = Debug|x86
		{E87875D2-B9BF-49BA-B433-3C681FC7B928}.Release|Any CPU.ActiveCfg = Release|Any CPU
		{E87875D2-B9BF-49BA-B433-3C681FC7B928}.Release|Any CPU.Build.0 = Release|Any CPU
		{E87875D2-B9BF-49BA-B433-3C681FC7B928}.Release|x64.ActiveCfg = Release|x64
		{E87875D2-B9BF-49BA-B433-3C681FC7B928}.Release|x64.Build.0 = Release|x64
		{E87875D2-B9BF-49BA-B433-3C681FC7B928}.Release|x86.ActiveCfg = Release|x86
		{E87875D2-B9BF-49BA-B433-3C681FC7B928}.Release|x86.Build.0 = Release|x86
		{E43A1B20-C7EC-451D-8F2D-8A42023C0FB0}.Debug|Any CPU.ActiveCfg = Debug|Any CPU
		{E43A1B20-C7EC-451D-8F2D-8A42023C0FB0}.Debug|Any CPU.Build.0 = Debug|Any CPU
		{E43A1B20-C7EC-451D-8F2D-8A42023C0FB0}.Debug|x64.ActiveCfg = Debug|x64
		{E43A1B20-C7EC-451D-8F2D-8A42023C0FB0}.Debug|x64.Build.0 = Debug|x64
		{E43A1B20-C7EC-451D-8F2D-8A42023C0FB0}.Debug|x86.ActiveCfg = Debug|x86
		{E43A1B20-C7EC-451D-8F2D-8A42023C0FB0}.Debug|x86.Build.0 = Debug|x86
		{E43A1B20-C7EC-451D-8F2D-8A42023C0FB0}.Release|Any CPU.ActiveCfg = Release|Any CPU
		{E43A1B20-C7EC-451D-8F2D-8A42023C0FB0}.Release|Any CPU.Build.0 = Release|Any CPU
		{E43A1B20-C7EC-451D-8F2D-8A42023C0FB0}.Release|x64.ActiveCfg = Release|x64
		{E43A1B20-C7EC-451D-8F2D-8A42023C0FB0}.Release|x64.Build.0 = Release|x64
		{E43A1B20-C7EC-451D-8F2D-8A42023C0FB0}.Release|x86.ActiveCfg = Release|x86
		{E43A1B20-C7EC-451D-8F2D-8A42023C0FB0}.Release|x86.Build.0 = Release|x86
		{3EA42477-E490-4C97-A7C9-E73FA2B08FCE}.Debug|Any CPU.ActiveCfg = Debug|Any CPU
		{3EA42477-E490-4C97-A7C9-E73FA2B08FCE}.Debug|Any CPU.Build.0 = Debug|Any CPU
		{3EA42477-E490-4C97-A7C9-E73FA2B08FCE}.Debug|x64.ActiveCfg = Debug|x64
		{3EA42477-E490-4C97-A7C9-E73FA2B08FCE}.Debug|x64.Build.0 = Debug|x64
		{3EA42477-E490-4C97-A7C9-E73FA2B08FCE}.Debug|x86.ActiveCfg = Debug|x86
		{3EA42477-E490-4C97-A7C9-E73FA2B08FCE}.Debug|x86.Build.0 = Debug|x86
		{3EA42477-E490-4C97-A7C9-E73FA2B08FCE}.Release|Any CPU.ActiveCfg = Release|Any CPU
		{3EA42477-E490-4C97-A7C9-E73FA2B08FCE}.Release|Any CPU.Build.0 = Release|Any CPU
		{3EA42477-E490-4C97-A7C9-E73FA2B08FCE}.Release|x64.ActiveCfg = Release|x64
		{3EA42477-E490-4C97-A7C9-E73FA2B08FCE}.Release|x64.Build.0 = Release|x64
		{3EA42477-E490-4C97-A7C9-E73FA2B08FCE}.Release|x86.ActiveCfg = Release|x86
		{3EA42477-E490-4C97-A7C9-E73FA2B08FCE}.Release|x86.Build.0 = Release|x86
		{A8B94D55-9301-45E6-B213-6C1A87F1BF1F}.Debug|Any CPU.ActiveCfg = Debug|Any CPU
		{A8B94D55-9301-45E6-B213-6C1A87F1BF1F}.Debug|Any CPU.Build.0 = Debug|Any CPU
		{A8B94D55-9301-45E6-B213-6C1A87F1BF1F}.Debug|x64.ActiveCfg = Debug|x64
		{A8B94D55-9301-45E6-B213-6C1A87F1BF1F}.Debug|x64.Build.0 = Debug|x64
		{A8B94D55-9301-45E6-B213-6C1A87F1BF1F}.Debug|x86.ActiveCfg = Debug|x86
		{A8B94D55-9301-45E6-B213-6C1A87F1BF1F}.Debug|x86.Build.0 = Debug|x86
		{A8B94D55-9301-45E6-B213-6C1A87F1BF1F}.Release|Any CPU.ActiveCfg = Release|Any CPU
		{A8B94D55-9301-45E6-B213-6C1A87F1BF1F}.Release|Any CPU.Build.0 = Release|Any CPU
		{A8B94D55-9301-45E6-B213-6C1A87F1BF1F}.Release|x64.ActiveCfg = Release|x64
		{A8B94D55-9301-45E6-B213-6C1A87F1BF1F}.Release|x64.Build.0 = Release|x64
		{A8B94D55-9301-45E6-B213-6C1A87F1BF1F}.Release|x86.ActiveCfg = Release|x86
		{A8B94D55-9301-45E6-B213-6C1A87F1BF1F}.Release|x86.Build.0 = Release|x86
		{D51C427C-E2AC-496B-8180-8DDA196F8D12}.Debug|Any CPU.ActiveCfg = Debug|Any CPU
		{D51C427C-E2AC-496B-8180-8DDA196F8D12}.Debug|Any CPU.Build.0 = Debug|Any CPU
		{D51C427C-E2AC-496B-8180-8DDA196F8D12}.Debug|x64.ActiveCfg = Debug|x64
		{D51C427C-E2AC-496B-8180-8DDA196F8D12}.Debug|x64.Build.0 = Debug|x64
		{D51C427C-E2AC-496B-8180-8DDA196F8D12}.Debug|x86.ActiveCfg = Debug|x86
		{D51C427C-E2AC-496B-8180-8DDA196F8D12}.Debug|x86.Build.0 = Debug|x86
		{D51C427C-E2AC-496B-8180-8DDA196F8D12}.Release|Any CPU.ActiveCfg = Release|Any CPU
		{D51C427C-E2AC-496B-8180-8DDA196F8D12}.Release|Any CPU.Build.0 = Release|Any CPU
		{D51C427C-E2AC-496B-8180-8DDA196F8D12}.Release|x64.ActiveCfg = Release|x64
		{D51C427C-E2AC-496B-8180-8DDA196F8D12}.Release|x64.Build.0 = Release|x64
		{D51C427C-E2AC-496B-8180-8DDA196F8D12}.Release|x86.ActiveCfg = Release|x86
		{D51C427C-E2AC-496B-8180-8DDA196F8D12}.Release|x86.Build.0 = Release|x86
	EndGlobalSection
	GlobalSection(SolutionProperties) = preSolution
		HideSolutionNode = FALSE
	EndGlobalSection
	GlobalSection(NestedProjects) = preSolution
		{4D8D48BE-5DE3-4EDB-919F-19848F6A38E0} = {5A48EA27-64B5-421E-A34E-41490A37FE5F}
		{EF2044D3-068E-41C1-9030-D0E3DD8AF9FE} = {5A48EA27-64B5-421E-A34E-41490A37FE5F}
	EndGlobalSection
EndGlobal
