
Microsoft Visual Studio Solution File, Format Version 12.00
# Visual Studio 14
VisualStudioVersion = 14.0.25123.0
MinimumVisualStudioVersion = 10.0.40219.1
Project("{2150E333-8FDC-42A3-9474-1A3956D46DE8}") = "Build", "Build", "{B59F15F7-5C6E-4ECA-A1EA-870B09194ECF}"
	ProjectSection(SolutionItems) = preProject
		REstateConfig.json = REstateConfig.json
	EndProjectSection
EndProject
Project("{FAE04EC0-301F-11D3-BF4B-00C04F79EFBC}") = "REstate.Connectors.RoslynScripting", "REstate.Connectors.RoslynScripting\REstate.Connectors.RoslynScripting.csproj", "{310A26D6-518B-41A6-B5DB-0B4A1B4A84C9}"
EndProject
Project("{FAE04EC0-301F-11D3-BF4B-00C04F79EFBC}") = "REstate.Stateless", "REstate.Stateless\REstate.Stateless.csproj", "{7AE96174-718F-45A2-8389-0A1E982DCE82}"
EndProject
Project("{FAE04EC0-301F-11D3-BF4B-00C04F79EFBC}") = "REstate.Connectors.RoslynScripting.Globals", "REstate.Connectors.RoslynScripting.Globals\REstate.Connectors.RoslynScripting.Globals.csproj", "{57E152AE-7B7D-4026-A8E3-D8B45B0C26DC}"
EndProject
Project("{FAE04EC0-301F-11D3-BF4B-00C04F79EFBC}") = "REstate.Connectors.Susanoo", "REstate.Connectors.Susanoo\REstate.Connectors.Susanoo.csproj", "{95D7FB41-1D52-467A-873E-C2C31926B209}"
EndProject
Project("{FAE04EC0-301F-11D3-BF4B-00C04F79EFBC}") = "REstate.Repositories.Auth.Susanoo", "REstate.Repositories.Auth.Susanoo\REstate.Repositories.Auth.Susanoo.csproj", "{B1A411E0-E8BF-4D8C-B327-2C171E2E60BC}"
EndProject
Project("{FAE04EC0-301F-11D3-BF4B-00C04F79EFBC}") = "REstate.Repositories.Chrono.Susanoo", "REstate.Repositories.Chrono.Susanoo\REstate.Repositories.Chrono.Susanoo.csproj", "{43C30519-A517-44E5-9767-79B90B0CE3EB}"
EndProject
Project("{FAE04EC0-301F-11D3-BF4B-00C04F79EFBC}") = "Susanoo.ConnectionPooling", "Susanoo.ConnectionPooling\Susanoo.ConnectionPooling.csproj", "{4F2BFBB1-9B5B-4626-84A0-195A863A7C21}"
EndProject
Project("{FAE04EC0-301F-11D3-BF4B-00C04F79EFBC}") = "REstate.Web.Auth", "REstate.Web.Auth\REstate.Web.Auth.csproj", "{C4C12BDF-551F-441F-8F02-4D706AB61127}"
EndProject
Project("{FAE04EC0-301F-11D3-BF4B-00C04F79EFBC}") = "REstate.Repositories.Core.Susanoo", "REstate.Repositories.Core.Susanoo\REstate.Repositories.Core.Susanoo.csproj", "{692DCA0E-3B2C-4919-8C2D-1AF9E665D521}"
EndProject
Project("{FAE04EC0-301F-11D3-BF4B-00C04F79EFBC}") = "REstate.Web.Core", "REstate.Web.Core\REstate.Web.Core.csproj", "{A3090BE0-89E4-4A70-AB11-321DB6BE43F0}"
EndProject
Project("{2150E333-8FDC-42A3-9474-1A3956D46DE8}") = "Services", "Services", "{A342B55B-655B-4613-90AB-BD0C392F82FE}"
EndProject
Project("{2150E333-8FDC-42A3-9474-1A3956D46DE8}") = "Dependencies", "Dependencies", "{65B7C478-4DE6-4D87-BC90-4BC8872FB705}"
EndProject
Project("{FAE04EC0-301F-11D3-BF4B-00C04F79EFBC}") = "REstate.Services.Core", "REstate.Services.Core\REstate.Services.Core.csproj", "{76D04ED8-84C9-4C60-8887-ACE2FB6D8AED}"
EndProject
Project("{FAE04EC0-301F-11D3-BF4B-00C04F79EFBC}") = "REstate.Services.Auth", "REstate.Services.Auth\REstate.Services.Auth.csproj", "{DEE59309-3032-4EAB-A71E-681856C77501}"
EndProject
Project("{FAE04EC0-301F-11D3-BF4B-00C04F79EFBC}") = "REstate.Services.ChronoConsumer", "REstate.Services.ChronoConsumer\REstate.Services.ChronoConsumer.csproj", "{B32FE570-743D-4550-9BA9-DCF70A212D10}"
EndProject
Project("{FAE04EC0-301F-11D3-BF4B-00C04F79EFBC}") = "REstate.Connectors.Chrono", "REstate.Connectors.Chrono\REstate.Connectors.Chrono.csproj", "{3B215CFC-1CF6-47D8-96F0-053ADBF2D9BA}"
EndProject
Project("{FAE04EC0-301F-11D3-BF4B-00C04F79EFBC}") = "REstate.Web.Chrono", "REstate.Web.Chrono\REstate.Web.Chrono.csproj", "{BEF5A46A-0175-42E8-83CA-49B4C3F0AEBA}"
EndProject
Project("{FAE04EC0-301F-11D3-BF4B-00C04F79EFBC}") = "REstate.Services.Chrono", "REstate.Services.Chrono\REstate.Services.Chrono.csproj", "{90F8CDFB-1776-4850-8DF7-F5B5ED53B073}"
EndProject
Project("{2150E333-8FDC-42A3-9474-1A3956D46DE8}") = "HTTP APIs", "HTTP APIs", "{5617F0C8-E79F-4FFB-9721-A60040D96E05}"
EndProject
Project("{2150E333-8FDC-42A3-9474-1A3956D46DE8}") = "Repositories", "Repositories", "{5FAA93F2-116E-436F-A613-C7D5E2D7DF59}"
EndProject
Project("{2150E333-8FDC-42A3-9474-1A3956D46DE8}") = "Connectors", "Connectors", "{D7041CED-4AEA-4882-853A-10049AA6AA5D}"
EndProject
Project("{FAE04EC0-301F-11D3-BF4B-00C04F79EFBC}") = "REstate.Services.AdminUI", "REstate.Service.AdminUI\REstate.Services.AdminUI.csproj", "{144750DA-AB57-4937-956C-C732DFC5A320}"
EndProject
Project("{FAE04EC0-301F-11D3-BF4B-00C04F79EFBC}") = "REstate.Web.AdminUI", "REstate.Web.AdminUI\REstate.Web.AdminUI.csproj", "{85F6276A-C3F1-4496-B8D5-B0DF9A9AAD60}"
EndProject
Project("{FAE04EC0-301F-11D3-BF4B-00C04F79EFBC}") = "REstate.Platform", "REstate.Platform\REstate.Platform.csproj", "{6905FC7A-53DE-4454-A37B-5D53E4702785}"
EndProject
Project("{FAE04EC0-301F-11D3-BF4B-00C04F79EFBC}") = "REstate.Database.SqlServer", "REstate.Database.SqlServer\REstate.Database.SqlServer.csproj", "{79C6F335-A953-4A28-8CD0-08069E896557}"
EndProject
Project("{2150E333-8FDC-42A3-9474-1A3956D46DE8}") = "Scripts", "Scripts", "{E2BADBC9-9A91-4BB6-805E-2493CFB2DEAF}"
	ProjectSection(SolutionItems) = preProject
		..\build.cake = ..\build.cake
		..\build.ps1 = ..\build.ps1
		..\BuildAndRunREstateOnLocalDb.bat = ..\BuildAndRunREstateOnLocalDb.bat
		..\create-localdb-database.ps1 = ..\create-localdb-database.ps1
		..\deploy-database.config = ..\deploy-database.config
		..\deploy-database.ps1 = ..\deploy-database.ps1
	EndProjectSection
EndProject
Project("{FAE04EC0-301F-11D3-BF4B-00C04F79EFBC}") = "REstate.Connectors.RabbitMq", "REstate.Connectors.RabbitMq\REstate.Connectors.RabbitMq.csproj", "{9D8388D3-FB9E-45E8-BD94-E045F753616B}"
EndProject
Project("{2150E333-8FDC-42A3-9474-1A3956D46DE8}") = "Decorators", "Decorators", "{187984C9-5602-4A64-A804-CA2B2E8DD8E5}"
EndProject
Project("{FAE04EC0-301F-11D3-BF4B-00C04F79EFBC}") = "REstate.Connectors.Decorators.Task", "REstate.Connectors.Decorators.Task\REstate.Connectors.Decorators.Task.csproj", "{71A57DEA-FC17-4B35-8928-6A2396FDB8B2}"
EndProject
Project("{FAE04EC0-301F-11D3-BF4B-00C04F79EFBC}") = "REstate.Domain.Core", "REstate.Domain.Core\src\REstate.Domain.Core\REstate.Domain.Core.csproj", "{9C873C5D-015B-436C-8473-FA93DA90757D}"
EndProject
Project("{FAE04EC0-301F-11D3-BF4B-00C04F79EFBC}") = "REstate.Domain.Chrono", "REstate.Domain.Chrono\src\REstate.Domain.Chrono\REstate.Domain.Chrono.csproj", "{6EE10DC1-EAA1-4754-B207-D4C4B86EAB9F}"
EndProject
Global
	GlobalSection(SolutionConfigurationPlatforms) = preSolution
		Debug|Any CPU = Debug|Any CPU
		Release|Any CPU = Release|Any CPU
	EndGlobalSection
	GlobalSection(ProjectConfigurationPlatforms) = postSolution
		{310A26D6-518B-41A6-B5DB-0B4A1B4A84C9}.Debug|Any CPU.ActiveCfg = Debug|Any CPU
		{310A26D6-518B-41A6-B5DB-0B4A1B4A84C9}.Debug|Any CPU.Build.0 = Debug|Any CPU
		{310A26D6-518B-41A6-B5DB-0B4A1B4A84C9}.Release|Any CPU.ActiveCfg = Release|Any CPU
		{310A26D6-518B-41A6-B5DB-0B4A1B4A84C9}.Release|Any CPU.Build.0 = Release|Any CPU
		{7AE96174-718F-45A2-8389-0A1E982DCE82}.Debug|Any CPU.ActiveCfg = Debug|Any CPU
		{7AE96174-718F-45A2-8389-0A1E982DCE82}.Debug|Any CPU.Build.0 = Debug|Any CPU
		{7AE96174-718F-45A2-8389-0A1E982DCE82}.Release|Any CPU.ActiveCfg = Release|Any CPU
		{7AE96174-718F-45A2-8389-0A1E982DCE82}.Release|Any CPU.Build.0 = Release|Any CPU
		{57E152AE-7B7D-4026-A8E3-D8B45B0C26DC}.Debug|Any CPU.ActiveCfg = Debug|Any CPU
		{57E152AE-7B7D-4026-A8E3-D8B45B0C26DC}.Debug|Any CPU.Build.0 = Debug|Any CPU
		{57E152AE-7B7D-4026-A8E3-D8B45B0C26DC}.Release|Any CPU.ActiveCfg = Release|Any CPU
		{57E152AE-7B7D-4026-A8E3-D8B45B0C26DC}.Release|Any CPU.Build.0 = Release|Any CPU
		{95D7FB41-1D52-467A-873E-C2C31926B209}.Debug|Any CPU.ActiveCfg = Debug|Any CPU
		{95D7FB41-1D52-467A-873E-C2C31926B209}.Debug|Any CPU.Build.0 = Debug|Any CPU
		{95D7FB41-1D52-467A-873E-C2C31926B209}.Release|Any CPU.ActiveCfg = Release|Any CPU
		{95D7FB41-1D52-467A-873E-C2C31926B209}.Release|Any CPU.Build.0 = Release|Any CPU
		{B1A411E0-E8BF-4D8C-B327-2C171E2E60BC}.Debug|Any CPU.ActiveCfg = Debug|Any CPU
		{B1A411E0-E8BF-4D8C-B327-2C171E2E60BC}.Debug|Any CPU.Build.0 = Debug|Any CPU
		{B1A411E0-E8BF-4D8C-B327-2C171E2E60BC}.Release|Any CPU.ActiveCfg = Release|Any CPU
		{B1A411E0-E8BF-4D8C-B327-2C171E2E60BC}.Release|Any CPU.Build.0 = Release|Any CPU
		{43C30519-A517-44E5-9767-79B90B0CE3EB}.Debug|Any CPU.ActiveCfg = Debug|Any CPU
		{43C30519-A517-44E5-9767-79B90B0CE3EB}.Debug|Any CPU.Build.0 = Debug|Any CPU
		{43C30519-A517-44E5-9767-79B90B0CE3EB}.Release|Any CPU.ActiveCfg = Release|Any CPU
		{43C30519-A517-44E5-9767-79B90B0CE3EB}.Release|Any CPU.Build.0 = Release|Any CPU
		{4F2BFBB1-9B5B-4626-84A0-195A863A7C21}.Debug|Any CPU.ActiveCfg = Debug|Any CPU
		{4F2BFBB1-9B5B-4626-84A0-195A863A7C21}.Debug|Any CPU.Build.0 = Debug|Any CPU
		{4F2BFBB1-9B5B-4626-84A0-195A863A7C21}.Release|Any CPU.ActiveCfg = Release|Any CPU
		{4F2BFBB1-9B5B-4626-84A0-195A863A7C21}.Release|Any CPU.Build.0 = Release|Any CPU
		{C4C12BDF-551F-441F-8F02-4D706AB61127}.Debug|Any CPU.ActiveCfg = Debug|Any CPU
		{C4C12BDF-551F-441F-8F02-4D706AB61127}.Debug|Any CPU.Build.0 = Debug|Any CPU
		{C4C12BDF-551F-441F-8F02-4D706AB61127}.Release|Any CPU.ActiveCfg = Release|Any CPU
		{C4C12BDF-551F-441F-8F02-4D706AB61127}.Release|Any CPU.Build.0 = Release|Any CPU
		{692DCA0E-3B2C-4919-8C2D-1AF9E665D521}.Debug|Any CPU.ActiveCfg = Debug|Any CPU
		{692DCA0E-3B2C-4919-8C2D-1AF9E665D521}.Debug|Any CPU.Build.0 = Debug|Any CPU
		{692DCA0E-3B2C-4919-8C2D-1AF9E665D521}.Release|Any CPU.ActiveCfg = Release|Any CPU
		{692DCA0E-3B2C-4919-8C2D-1AF9E665D521}.Release|Any CPU.Build.0 = Release|Any CPU
		{A3090BE0-89E4-4A70-AB11-321DB6BE43F0}.Debug|Any CPU.ActiveCfg = Debug|Any CPU
		{A3090BE0-89E4-4A70-AB11-321DB6BE43F0}.Debug|Any CPU.Build.0 = Debug|Any CPU
		{A3090BE0-89E4-4A70-AB11-321DB6BE43F0}.Release|Any CPU.ActiveCfg = Release|Any CPU
		{A3090BE0-89E4-4A70-AB11-321DB6BE43F0}.Release|Any CPU.Build.0 = Release|Any CPU
		{76D04ED8-84C9-4C60-8887-ACE2FB6D8AED}.Debug|Any CPU.ActiveCfg = Debug|Any CPU
		{76D04ED8-84C9-4C60-8887-ACE2FB6D8AED}.Debug|Any CPU.Build.0 = Debug|Any CPU
		{76D04ED8-84C9-4C60-8887-ACE2FB6D8AED}.Release|Any CPU.ActiveCfg = Release|Any CPU
		{76D04ED8-84C9-4C60-8887-ACE2FB6D8AED}.Release|Any CPU.Build.0 = Release|Any CPU
		{DEE59309-3032-4EAB-A71E-681856C77501}.Debug|Any CPU.ActiveCfg = Debug|Any CPU
		{DEE59309-3032-4EAB-A71E-681856C77501}.Debug|Any CPU.Build.0 = Debug|Any CPU
		{DEE59309-3032-4EAB-A71E-681856C77501}.Release|Any CPU.ActiveCfg = Release|Any CPU
		{DEE59309-3032-4EAB-A71E-681856C77501}.Release|Any CPU.Build.0 = Release|Any CPU
		{B32FE570-743D-4550-9BA9-DCF70A212D10}.Debug|Any CPU.ActiveCfg = Debug|Any CPU
		{B32FE570-743D-4550-9BA9-DCF70A212D10}.Debug|Any CPU.Build.0 = Debug|Any CPU
		{B32FE570-743D-4550-9BA9-DCF70A212D10}.Release|Any CPU.ActiveCfg = Release|Any CPU
		{B32FE570-743D-4550-9BA9-DCF70A212D10}.Release|Any CPU.Build.0 = Release|Any CPU
		{3B215CFC-1CF6-47D8-96F0-053ADBF2D9BA}.Debug|Any CPU.ActiveCfg = Debug|Any CPU
		{3B215CFC-1CF6-47D8-96F0-053ADBF2D9BA}.Debug|Any CPU.Build.0 = Debug|Any CPU
		{3B215CFC-1CF6-47D8-96F0-053ADBF2D9BA}.Release|Any CPU.ActiveCfg = Release|Any CPU
		{3B215CFC-1CF6-47D8-96F0-053ADBF2D9BA}.Release|Any CPU.Build.0 = Release|Any CPU
		{BEF5A46A-0175-42E8-83CA-49B4C3F0AEBA}.Debug|Any CPU.ActiveCfg = Debug|Any CPU
		{BEF5A46A-0175-42E8-83CA-49B4C3F0AEBA}.Debug|Any CPU.Build.0 = Debug|Any CPU
		{BEF5A46A-0175-42E8-83CA-49B4C3F0AEBA}.Release|Any CPU.ActiveCfg = Release|Any CPU
		{BEF5A46A-0175-42E8-83CA-49B4C3F0AEBA}.Release|Any CPU.Build.0 = Release|Any CPU
		{90F8CDFB-1776-4850-8DF7-F5B5ED53B073}.Debug|Any CPU.ActiveCfg = Debug|Any CPU
		{90F8CDFB-1776-4850-8DF7-F5B5ED53B073}.Debug|Any CPU.Build.0 = Debug|Any CPU
		{90F8CDFB-1776-4850-8DF7-F5B5ED53B073}.Release|Any CPU.ActiveCfg = Release|Any CPU
		{90F8CDFB-1776-4850-8DF7-F5B5ED53B073}.Release|Any CPU.Build.0 = Release|Any CPU
		{144750DA-AB57-4937-956C-C732DFC5A320}.Debug|Any CPU.ActiveCfg = Debug|Any CPU
		{144750DA-AB57-4937-956C-C732DFC5A320}.Debug|Any CPU.Build.0 = Debug|Any CPU
		{144750DA-AB57-4937-956C-C732DFC5A320}.Release|Any CPU.ActiveCfg = Release|Any CPU
		{144750DA-AB57-4937-956C-C732DFC5A320}.Release|Any CPU.Build.0 = Release|Any CPU
		{85F6276A-C3F1-4496-B8D5-B0DF9A9AAD60}.Debug|Any CPU.ActiveCfg = Debug|Any CPU
		{85F6276A-C3F1-4496-B8D5-B0DF9A9AAD60}.Debug|Any CPU.Build.0 = Debug|Any CPU
		{85F6276A-C3F1-4496-B8D5-B0DF9A9AAD60}.Release|Any CPU.ActiveCfg = Release|Any CPU
		{85F6276A-C3F1-4496-B8D5-B0DF9A9AAD60}.Release|Any CPU.Build.0 = Release|Any CPU
		{6905FC7A-53DE-4454-A37B-5D53E4702785}.Debug|Any CPU.ActiveCfg = Debug|Any CPU
		{6905FC7A-53DE-4454-A37B-5D53E4702785}.Debug|Any CPU.Build.0 = Debug|Any CPU
		{6905FC7A-53DE-4454-A37B-5D53E4702785}.Release|Any CPU.ActiveCfg = Release|Any CPU
		{6905FC7A-53DE-4454-A37B-5D53E4702785}.Release|Any CPU.Build.0 = Release|Any CPU
		{79C6F335-A953-4A28-8CD0-08069E896557}.Debug|Any CPU.ActiveCfg = Debug|Any CPU
		{79C6F335-A953-4A28-8CD0-08069E896557}.Debug|Any CPU.Build.0 = Debug|Any CPU
		{79C6F335-A953-4A28-8CD0-08069E896557}.Release|Any CPU.ActiveCfg = Release|Any CPU
		{79C6F335-A953-4A28-8CD0-08069E896557}.Release|Any CPU.Build.0 = Release|Any CPU
		{9D8388D3-FB9E-45E8-BD94-E045F753616B}.Debug|Any CPU.ActiveCfg = Debug|Any CPU
		{9D8388D3-FB9E-45E8-BD94-E045F753616B}.Debug|Any CPU.Build.0 = Debug|Any CPU
		{9D8388D3-FB9E-45E8-BD94-E045F753616B}.Release|Any CPU.ActiveCfg = Release|Any CPU
		{9D8388D3-FB9E-45E8-BD94-E045F753616B}.Release|Any CPU.Build.0 = Release|Any CPU
		{71A57DEA-FC17-4B35-8928-6A2396FDB8B2}.Debug|Any CPU.ActiveCfg = Debug|Any CPU
		{71A57DEA-FC17-4B35-8928-6A2396FDB8B2}.Debug|Any CPU.Build.0 = Debug|Any CPU
		{71A57DEA-FC17-4B35-8928-6A2396FDB8B2}.Release|Any CPU.ActiveCfg = Release|Any CPU
		{71A57DEA-FC17-4B35-8928-6A2396FDB8B2}.Release|Any CPU.Build.0 = Release|Any CPU
		{9C873C5D-015B-436C-8473-FA93DA90757D}.Debug|Any CPU.ActiveCfg = Debug|Any CPU
		{9C873C5D-015B-436C-8473-FA93DA90757D}.Debug|Any CPU.Build.0 = Debug|Any CPU
		{9C873C5D-015B-436C-8473-FA93DA90757D}.Release|Any CPU.ActiveCfg = Release|Any CPU
		{9C873C5D-015B-436C-8473-FA93DA90757D}.Release|Any CPU.Build.0 = Release|Any CPU
		{6EE10DC1-EAA1-4754-B207-D4C4B86EAB9F}.Debug|Any CPU.ActiveCfg = Debug|Any CPU
		{6EE10DC1-EAA1-4754-B207-D4C4B86EAB9F}.Debug|Any CPU.Build.0 = Debug|Any CPU
		{6EE10DC1-EAA1-4754-B207-D4C4B86EAB9F}.Release|Any CPU.ActiveCfg = Release|Any CPU
		{6EE10DC1-EAA1-4754-B207-D4C4B86EAB9F}.Release|Any CPU.Build.0 = Release|Any CPU
	EndGlobalSection
	GlobalSection(SolutionProperties) = preSolution
		HideSolutionNode = FALSE
	EndGlobalSection
	GlobalSection(NestedProjects) = preSolution
		{310A26D6-518B-41A6-B5DB-0B4A1B4A84C9} = {D7041CED-4AEA-4882-853A-10049AA6AA5D}
		{57E152AE-7B7D-4026-A8E3-D8B45B0C26DC} = {D7041CED-4AEA-4882-853A-10049AA6AA5D}
		{95D7FB41-1D52-467A-873E-C2C31926B209} = {D7041CED-4AEA-4882-853A-10049AA6AA5D}
		{B1A411E0-E8BF-4D8C-B327-2C171E2E60BC} = {5FAA93F2-116E-436F-A613-C7D5E2D7DF59}
		{43C30519-A517-44E5-9767-79B90B0CE3EB} = {5FAA93F2-116E-436F-A613-C7D5E2D7DF59}
		{4F2BFBB1-9B5B-4626-84A0-195A863A7C21} = {65B7C478-4DE6-4D87-BC90-4BC8872FB705}
		{C4C12BDF-551F-441F-8F02-4D706AB61127} = {5617F0C8-E79F-4FFB-9721-A60040D96E05}
		{692DCA0E-3B2C-4919-8C2D-1AF9E665D521} = {5FAA93F2-116E-436F-A613-C7D5E2D7DF59}
		{A3090BE0-89E4-4A70-AB11-321DB6BE43F0} = {5617F0C8-E79F-4FFB-9721-A60040D96E05}
		{65B7C478-4DE6-4D87-BC90-4BC8872FB705} = {5FAA93F2-116E-436F-A613-C7D5E2D7DF59}
		{76D04ED8-84C9-4C60-8887-ACE2FB6D8AED} = {A342B55B-655B-4613-90AB-BD0C392F82FE}
		{DEE59309-3032-4EAB-A71E-681856C77501} = {A342B55B-655B-4613-90AB-BD0C392F82FE}
		{B32FE570-743D-4550-9BA9-DCF70A212D10} = {A342B55B-655B-4613-90AB-BD0C392F82FE}
		{3B215CFC-1CF6-47D8-96F0-053ADBF2D9BA} = {D7041CED-4AEA-4882-853A-10049AA6AA5D}
		{BEF5A46A-0175-42E8-83CA-49B4C3F0AEBA} = {5617F0C8-E79F-4FFB-9721-A60040D96E05}
		{90F8CDFB-1776-4850-8DF7-F5B5ED53B073} = {A342B55B-655B-4613-90AB-BD0C392F82FE}
		{144750DA-AB57-4937-956C-C732DFC5A320} = {A342B55B-655B-4613-90AB-BD0C392F82FE}
		{85F6276A-C3F1-4496-B8D5-B0DF9A9AAD60} = {5617F0C8-E79F-4FFB-9721-A60040D96E05}
		{79C6F335-A953-4A28-8CD0-08069E896557} = {E2BADBC9-9A91-4BB6-805E-2493CFB2DEAF}
		{E2BADBC9-9A91-4BB6-805E-2493CFB2DEAF} = {B59F15F7-5C6E-4ECA-A1EA-870B09194ECF}
		{9D8388D3-FB9E-45E8-BD94-E045F753616B} = {D7041CED-4AEA-4882-853A-10049AA6AA5D}
		{187984C9-5602-4A64-A804-CA2B2E8DD8E5} = {D7041CED-4AEA-4882-853A-10049AA6AA5D}
		{71A57DEA-FC17-4B35-8928-6A2396FDB8B2} = {187984C9-5602-4A64-A804-CA2B2E8DD8E5}
	EndGlobalSection
EndGlobal
